// !$*UTF8*$!
{
	archiveVersion = 1;
	classes = {
	};
	objectVersion = 46;
	objects = {

/* Begin PBXBuildFile section */
		474BB8A31D9A7AD600F53A15 /* AppDelegate.swift in Sources */ = {isa = PBXBuildFile; fileRef = 474BB8A21D9A7AD600F53A15 /* AppDelegate.swift */; };
		474BB8A51D9A7AD600F53A15 /* ViewController.swift in Sources */ = {isa = PBXBuildFile; fileRef = 474BB8A41D9A7AD600F53A15 /* ViewController.swift */; };
		474BB8A81D9A7AD600F53A15 /* Main.storyboard in Resources */ = {isa = PBXBuildFile; fileRef = 474BB8A61D9A7AD600F53A15 /* Main.storyboard */; };
		474BB8AA1D9A7AD600F53A15 /* Assets.xcassets in Resources */ = {isa = PBXBuildFile; fileRef = 474BB8A91D9A7AD600F53A15 /* Assets.xcassets */; };
		474BB8AD1D9A7AD600F53A15 /* LaunchScreen.storyboard in Resources */ = {isa = PBXBuildFile; fileRef = 474BB8AB1D9A7AD600F53A15 /* LaunchScreen.storyboard */; };
		474BB8B51D9A7D3400F53A15 /* README.md in Sources */ = {isa = PBXBuildFile; fileRef = 474BB8B41D9A7D3400F53A15 /* README.md */; };
		8FFE17BB1B9E4147D916B1BB /* Pods_rxNetworking.framework in Frameworks */ = {isa = PBXBuildFile; fileRef = 7D210DBAAEE2F0B61820AEB6 /* Pods_rxNetworking.framework */; };
/* End PBXBuildFile section */

/* Begin PBXFileReference section */
		474BB89F1D9A7AD600F53A15 /* rxNetworking.app */ = {isa = PBXFileReference; explicitFileType = wrapper.application; includeInIndex = 0; path = rxNetworking.app; sourceTree = BUILT_PRODUCTS_DIR; };
		474BB8A21D9A7AD600F53A15 /* AppDelegate.swift */ = {isa = PBXFileReference; lastKnownFileType = sourcecode.swift; path = AppDelegate.swift; sourceTree = "<group>"; };
		474BB8A41D9A7AD600F53A15 /* ViewController.swift */ = {isa = PBXFileReference; lastKnownFileType = sourcecode.swift; path = ViewController.swift; sourceTree = "<group>"; };
		474BB8A71D9A7AD600F53A15 /* Base */ = {isa = PBXFileReference; lastKnownFileType = file.storyboard; name = Base; path = Base.lproj/Main.storyboard; sourceTree = "<group>"; };
		474BB8A91D9A7AD600F53A15 /* Assets.xcassets */ = {isa = PBXFileReference; lastKnownFileType = folder.assetcatalog; path = Assets.xcassets; sourceTree = "<group>"; };
		474BB8AC1D9A7AD600F53A15 /* Base */ = {isa = PBXFileReference; lastKnownFileType = file.storyboard; name = Base; path = Base.lproj/LaunchScreen.storyboard; sourceTree = "<group>"; };
		474BB8AE1D9A7AD600F53A15 /* Info.plist */ = {isa = PBXFileReference; lastKnownFileType = text.plist.xml; path = Info.plist; sourceTree = "<group>"; };
		474BB8B41D9A7D3400F53A15 /* README.md */ = {isa = PBXFileReference; fileEncoding = 4; lastKnownFileType = net.daringfireball.markdown; path = README.md; sourceTree = SOURCE_ROOT; };
		7D210DBAAEE2F0B61820AEB6 /* Pods_rxNetworking.framework */ = {isa = PBXFileReference; explicitFileType = wrapper.framework; includeInIndex = 0; path = Pods_rxNetworking.framework; sourceTree = BUILT_PRODUCTS_DIR; };
		C69B8471E2CB716440235B75 /* Pods-rxNetworking.release.xcconfig */ = {isa = PBXFileReference; includeInIndex = 1; lastKnownFileType = text.xcconfig; name = "Pods-rxNetworking.release.xcconfig"; path = "Pods/Target Support Files/Pods-rxNetworking/Pods-rxNetworking.release.xcconfig"; sourceTree = "<group>"; };
		D2AE1A26CCAF7FB2BD9B15C4 /* Pods-rxNetworking.debug.xcconfig */ = {isa = PBXFileReference; includeInIndex = 1; lastKnownFileType = text.xcconfig; name = "Pods-rxNetworking.debug.xcconfig"; path = "Pods/Target Support Files/Pods-rxNetworking/Pods-rxNetworking.debug.xcconfig"; sourceTree = "<group>"; };
/* End PBXFileReference section */

/* Begin PBXFrameworksBuildPhase section */
		474BB89C1D9A7AD600F53A15 /* Frameworks */ = {
			isa = PBXFrameworksBuildPhase;
			buildActionMask = 2147483647;
			files = (
				8FFE17BB1B9E4147D916B1BB /* Pods_rxNetworking.framework in Frameworks */,
			);
			runOnlyForDeploymentPostprocessing = 0;
		};
/* End PBXFrameworksBuildPhase section */

/* Begin PBXGroup section */
		474BB8961D9A7AD500F53A15 = {
			isa = PBXGroup;
			children = (
				474BB8A11D9A7AD600F53A15 /* rxNetworking */,
				474BB8A01D9A7AD600F53A15 /* Products */,
				DC9617C5EE760A29A660DEB7 /* Pods */,
				AD3E0FBD7EAEC8C0DCEFEA23 /* Frameworks */,
			);
			sourceTree = "<group>";
		};
		474BB8A01D9A7AD600F53A15 /* Products */ = {
			isa = PBXGroup;
			children = (
				474BB89F1D9A7AD600F53A15 /* rxNetworking.app */,
			);
			name = Products;
			sourceTree = "<group>";
		};
		474BB8A11D9A7AD600F53A15 /* rxNetworking */ = {
			isa = PBXGroup;
			children = (
				474BB8B41D9A7D3400F53A15 /* README.md */,
				474BB8A21D9A7AD600F53A15 /* AppDelegate.swift */,
				474BB8A41D9A7AD600F53A15 /* ViewController.swift */,
				474BB8A61D9A7AD600F53A15 /* Main.storyboard */,
				474BB8A91D9A7AD600F53A15 /* Assets.xcassets */,
				474BB8AB1D9A7AD600F53A15 /* LaunchScreen.storyboard */,
				474BB8AE1D9A7AD600F53A15 /* Info.plist */,
			);
			path = rxNetworking;
			sourceTree = "<group>";
		};
		AD3E0FBD7EAEC8C0DCEFEA23 /* Frameworks */ = {
			isa = PBXGroup;
			children = (
				7D210DBAAEE2F0B61820AEB6 /* Pods_rxNetworking.framework */,
			);
			name = Frameworks;
			sourceTree = "<group>";
		};
		DC9617C5EE760A29A660DEB7 /* Pods */ = {
			isa = PBXGroup;
			children = (
				D2AE1A26CCAF7FB2BD9B15C4 /* Pods-rxNetworking.debug.xcconfig */,
				C69B8471E2CB716440235B75 /* Pods-rxNetworking.release.xcconfig */,
			);
			name = Pods;
			sourceTree = "<group>";
		};
/* End PBXGroup section */

/* Begin PBXNativeTarget section */
		474BB89E1D9A7AD600F53A15 /* rxNetworking */ = {
			isa = PBXNativeTarget;
			buildConfigurationList = 474BB8B11D9A7AD600F53A15 /* Build configuration list for PBXNativeTarget "rxNetworking" */;
			buildPhases = (
				F34C2C9E236AE2568455D2AF /* [CP] Check Pods Manifest.lock */,
				474BB89B1D9A7AD600F53A15 /* Sources */,
				474BB89C1D9A7AD600F53A15 /* Frameworks */,
				474BB89D1D9A7AD600F53A15 /* Resources */,
				A25E1C1435E1FC8E1B58FB28 /* [CP] Embed Pods Frameworks */,
				50363390CBB9CAA739D4A377 /* [CP] Copy Pods Resources */,
			);
			buildRules = (
			);
			dependencies = (
			);
			name = rxNetworking;
			productName = rxNetworking;
			productReference = 474BB89F1D9A7AD600F53A15 /* rxNetworking.app */;
			productType = "com.apple.product-type.application";
		};
/* End PBXNativeTarget section */

/* Begin PBXProject section */
		474BB8971D9A7AD500F53A15 /* Project object */ = {
			isa = PBXProject;
			attributes = {
				LastSwiftUpdateCheck = 0730;
				LastUpgradeCheck = 0730;
				ORGANIZATIONNAME = ronatory;
				TargetAttributes = {
					474BB89E1D9A7AD600F53A15 = {
						CreatedOnToolsVersion = 7.3.1;
					};
				};
			};
			buildConfigurationList = 474BB89A1D9A7AD500F53A15 /* Build configuration list for PBXProject "rxNetworking" */;
			compatibilityVersion = "Xcode 3.2";
			developmentRegion = English;
			hasScannedForEncodings = 0;
			knownRegions = (
				en,
				Base,
			);
			mainGroup = 474BB8961D9A7AD500F53A15;
			productRefGroup = 474BB8A01D9A7AD600F53A15 /* Products */;
			projectDirPath = "";
			projectRoot = "";
			targets = (
				474BB89E1D9A7AD600F53A15 /* rxNetworking */,
			);
		};
/* End PBXProject section */

/* Begin PBXResourcesBuildPhase section */
		474BB89D1D9A7AD600F53A15 /* Resources */ = {
			isa = PBXResourcesBuildPhase;
			buildActionMask = 2147483647;
			files = (
				474BB8AD1D9A7AD600F53A15 /* LaunchScreen.storyboard in Resources */,
				474BB8AA1D9A7AD600F53A15 /* Assets.xcassets in Resources */,
				474BB8A81D9A7AD600F53A15 /* Main.storyboard in Resources */,
			);
			runOnlyForDeploymentPostprocessing = 0;
		};
/* End PBXResourcesBuildPhase section */

/* Begin PBXShellScriptBuildPhase section */
		50363390CBB9CAA739D4A377 /* [CP] Copy Pods Resources */ = {
			isa = PBXShellScriptBuildPhase;
			buildActionMask = 2147483647;
			files = (
			);
			inputPaths = (
			);
			name = "[CP] Copy Pods Resources";
			outputPaths = (
			);
			runOnlyForDeploymentPostprocessing = 0;
			shellPath = /bin/sh;
			shellScript = "\"${SRCROOT}/Pods/Target Support Files/Pods-rxNetworking/Pods-rxNetworking-resources.sh\"\n";
			showEnvVarsInLog = 0;
		};
		A25E1C1435E1FC8E1B58FB28 /* [CP] Embed Pods Frameworks */ = {
			isa = PBXShellScriptBuildPhase;
			buildActionMask = 2147483647;
			files = (
			);
			inputPaths = (
			);
			name = "[CP] Embed Pods Frameworks";
			outputPaths = (
			);
			runOnlyForDeploymentPostprocessing = 0;
			shellPath = /bin/sh;
			shellScript = "\"${SRCROOT}/Pods/Target Support Files/Pods-rxNetworking/Pods-rxNetworking-frameworks.sh\"\n";
			showEnvVarsInLog = 0;
		};
		F34C2C9E236AE2568455D2AF /* [CP] Check Pods Manifest.lock */ = {
			isa = PBXShellScriptBuildPhase;
			buildActionMask = 2147483647;
			files = (
			);
			inputPaths = (
			);
			name = "[CP] Check Pods Manifest.lock";
			outputPaths = (
			);
			runOnlyForDeploymentPostprocessing = 0;
			shellPath = /bin/sh;
			shellScript = "diff \"${PODS_ROOT}/../Podfile.lock\" \"${PODS_ROOT}/Manifest.lock\" > /dev/null\nif [[ $? != 0 ]] ; then\n    cat << EOM\nerror: The sandbox is not in sync with the Podfile.lock. Run 'pod install' or update your CocoaPods installation.\nEOM\n    exit 1\nfi\n";
			showEnvVarsInLog = 0;
		};
/* End PBXShellScriptBuildPhase section */

/* Begin PBXSourcesBuildPhase section */
		474BB89B1D9A7AD600F53A15 /* Sources */ = {
			isa = PBXSourcesBuildPhase;
			buildActionMask = 2147483647;
			files = (
				474BB8B51D9A7D3400F53A15 /* README.md in Sources */,
				474BB8A51D9A7AD600F53A15 /* ViewController.swift in Sources */,
				474BB8A31D9A7AD600F53A15 /* AppDelegate.swift in Sources */,
			);
			runOnlyForDeploymentPostprocessing = 0;
		};
/* End PBXSourcesBuildPhase section */

/* Begin PBXVariantGroup section */
		474BB8A61D9A7AD600F53A15 /* Main.storyboard */ = {
			isa = PBXVariantGroup;
			children = (
				474BB8A71D9A7AD600F53A15 /* Base */,
			);
			name = Main.storyboard;
			sourceTree = "<group>";
		};
		474BB8AB1D9A7AD600F53A15 /* LaunchScreen.storyboard */ = {
			isa = PBXVariantGroup;
			children = (
				474BB8AC1D9A7AD600F53A15 /* Base */,
			);
			name = LaunchScreen.storyboard;
			sourceTree = "<group>";
		};
/* End PBXVariantGroup section */

/* Begin XCBuildConfiguration section */
		474BB8AF1D9A7AD600F53A15 /* Debug */ = {
			isa = XCBuildConfiguration;
			buildSettings = {
				ALWAYS_SEARCH_USER_PATHS = NO;
				CLANG_ANALYZER_NONNULL = YES;
				CLANG_CXX_LANGUAGE_STANDARD = "gnu++0x";
				CLANG_CXX_LIBRARY = "libc++";
				CLANG_ENABLE_MODULES = YES;
				CLANG_ENABLE_OBJC_ARC = YES;
				CLANG_WARN_BOOL_CONVERSION = YES;
				CLANG_WARN_CONSTANT_CONVERSION = YES;
				CLANG_WARN_DIRECT_OBJC_ISA_USAGE = YES_ERROR;
				CLANG_WARN_EMPTY_BODY = YES;
				CLANG_WARN_ENUM_CONVERSION = YES;
				CLANG_WARN_INT_CONVERSION = YES;
				CLANG_WARN_OBJC_ROOT_CLASS = YES_ERROR;
				CLANG_WARN_UNREACHABLE_CODE = YES;
				CLANG_WARN__DUPLICATE_METHOD_MATCH = YES;
				"CODE_SIGN_IDENTITY[sdk=iphoneos*]" = "iPhone Developer";
				COPY_PHASE_STRIP = NO;
				DEBUG_INFORMATION_FORMAT = dwarf;
				ENABLE_STRICT_OBJC_MSGSEND = YES;
				ENABLE_TESTABILITY = YES;
				GCC_C_LANGUAGE_STANDARD = gnu99;
				GCC_DYNAMIC_NO_PIC = NO;
				GCC_NO_COMMON_BLOCKS = YES;
				GCC_OPTIMIZATION_LEVEL = 0;
				GCC_PREPROCESSOR_DEFINITIONS = (
					"DEBUG=1",
					"$(inherited)",
				);
				GCC_WARN_64_TO_32_BIT_CONVERSION = YES;
				GCC_WARN_ABOUT_RETURN_TYPE = YES_ERROR;
				GCC_WARN_UNDECLARED_SELECTOR = YES;
				GCC_WARN_UNINITIALIZED_AUTOS = YES_AGGRESSIVE;
				GCC_WARN_UNUSED_FUNCTION = YES;
				GCC_WARN_UNUSED_VARIABLE = YES;
				IPHONEOS_DEPLOYMENT_TARGET = 9.3;
				MTL_ENABLE_DEBUG_INFO = YES;
				ONLY_ACTIVE_ARCH = YES;
				SDKROOT = iphoneos;
				SWIFT_OPTIMIZATION_LEVEL = "-Onone";
			};
			name = Debug;
		};
		474BB8B01D9A7AD600F53A15 /* Release */ = {
			isa = XCBuildConfiguration;
			buildSettings = {
				ALWAYS_SEARCH_USER_PATHS = NO;
				CLANG_ANALYZER_NONNULL = YES;
				CLANG_CXX_LANGUAGE_STANDARD = "gnu++0x";
				CLANG_CXX_LIBRARY = "libc++";
				CLANG_ENABLE_MODULES = YES;
				CLANG_ENABLE_OBJC_ARC = YES;
				CLANG_WARN_BOOL_CONVERSION = YES;
				CLANG_WARN_CONSTANT_CONVERSION = YES;
				CLANG_WARN_DIRECT_OBJC_ISA_USAGE = YES_ERROR;
				CLANG_WARN_EMPTY_BODY = YES;
				CLANG_WARN_ENUM_CONVERSION = YES;
				CLANG_WARN_INT_CONVERSION = YES;
				CLANG_WARN_OBJC_ROOT_CLASS = YES_ERROR;
				CLANG_WARN_UNREACHABLE_CODE = YES;
				CLANG_WARN__DUPLICATE_METHOD_MATCH = YES;
				"CODE_SIGN_IDENTITY[sdk=iphoneos*]" = "iPhone Developer";
				COPY_PHASE_STRIP = NO;
				DEBUG_INFORMATION_FORMAT = "dwarf-with-dsym";
				ENABLE_NS_ASSERTIONS = NO;
				ENABLE_STRICT_OBJC_MSGSEND = YES;
				GCC_C_LANGUAGE_STANDARD = gnu99;
				GCC_NO_COMMON_BLOCKS = YES;
				GCC_WARN_64_TO_32_BIT_CONVERSION = YES;
				GCC_WARN_ABOUT_RETURN_TYPE = YES_ERROR;
				GCC_WARN_UNDECLARED_SELECTOR = YES;
				GCC_WARN_UNINITIALIZED_AUTOS = YES_AGGRESSIVE;
				GCC_WARN_UNUSED_FUNCTION = YES;
				GCC_WARN_UNUSED_VARIABLE = YES;
				IPHONEOS_DEPLOYMENT_TARGET = 9.3;
				MTL_ENABLE_DEBUG_INFO = NO;
				SDKROOT = iphoneos;
				VALIDATE_PRODUCT = YES;
			};
			name = Release;
		};
		474BB8B21D9A7AD600F53A15 /* Debug */ = {
			isa = XCBuildConfiguration;
			baseConfigurationReference = D2AE1A26CCAF7FB2BD9B15C4 /* Pods-rxNetworking.debug.xcconfig */;
			buildSettings = {
				ASSETCATALOG_COMPILER_APPICON_NAME = AppIcon;
				INFOPLIST_FILE = rxNetworking/Info.plist;
				LD_RUNPATH_SEARCH_PATHS = "$(inherited) @executable_path/Frameworks";
				PRODUCT_BUNDLE_IDENTIFIER = com.ron.rxNetworking;
				PRODUCT_NAME = "$(TARGET_NAME)";
			};
			name = Debug;
		};
		474BB8B31D9A7AD600F53A15 /* Release */ = {
			isa = XCBuildConfiguration;
			baseConfigurationReference = C69B8471E2CB716440235B75 /* Pods-rxNetworking.release.xcconfig */;
			buildSettings = {
				ASSETCATALOG_COMPILER_APPICON_NAME = AppIcon;
				INFOPLIST_FILE = rxNetworking/Info.plist;
				LD_RUNPATH_SEARCH_PATHS = "$(inherited) @executable_path/Frameworks";
				PRODUCT_BUNDLE_IDENTIFIER = com.ron.rxNetworking;
				PRODUCT_NAME = "$(TARGET_NAME)";
			};
			name = Release;
		};
/* End XCBuildConfiguration section */

/* Begin XCConfigurationList section */
		474BB89A1D9A7AD500F53A15 /* Build configuration list for PBXProject "rxNetworking" */ = {
			isa = XCConfigurationList;
			buildConfigurations = (
				474BB8AF1D9A7AD600F53A15 /* Debug */,
				474BB8B01D9A7AD600F53A15 /* Release */,
			);
			defaultConfigurationIsVisible = 0;
			defaultConfigurationName = Release;
		};
		474BB8B11D9A7AD600F53A15 /* Build configuration list for PBXNativeTarget "rxNetworking" */ = {
			isa = XCConfigurationList;
			buildConfigurations = (
				474BB8B21D9A7AD600F53A15 /* Debug */,
				474BB8B31D9A7AD600F53A15 /* Release */,
			);
			defaultConfigurationIsVisible = 0;
			defaultConfigurationName = Release;
		};
/* End XCConfigurationList section */
	};
	rootObject = 474BB8971D9A7AD500F53A15 /* Project object */;
}
